// !$*UTF8*$!
{
	archiveVersion = 1;
	classes = {
	};
	objectVersion = 46;
	objects = {

/* Begin PBXBuildFile section */
		360085D51D6D8B22003D7218 /* AuthService.swift in Sources */ = {isa = PBXBuildFile; fileRef = 360085D41D6D8B22003D7218 /* AuthService.swift */; };
		360085D71D6D8D71003D7218 /* AlamofireExt.swift in Sources */ = {isa = PBXBuildFile; fileRef = 360085D61D6D8D71003D7218 /* AlamofireExt.swift */; };
		360085D91D6D90C9003D7218 /* AppConstants.swift in Sources */ = {isa = PBXBuildFile; fileRef = 360085D81D6D90C9003D7218 /* AppConstants.swift */; };
		360085DD1D6ED941003D7218 /* NSDataExt.swift in Sources */ = {isa = PBXBuildFile; fileRef = 360085DC1D6ED941003D7218 /* NSDataExt.swift */; };
		360085DF1D7428A8003D7218 /* OathDataSource.swift in Sources */ = {isa = PBXBuildFile; fileRef = 360085DE1D7428A8003D7218 /* OathDataSource.swift */; };
		3614AA551D2BE02600AB181C /* OathTableViewCell.swift in Sources */ = {isa = PBXBuildFile; fileRef = 3614AA541D2BE02600AB181C /* OathTableViewCell.swift */; };
		3614AA581D2CE54600AB181C /* Oath+CoreDataProperties.swift in Sources */ = {isa = PBXBuildFile; fileRef = 3614AA561D2CE54500AB181C /* Oath+CoreDataProperties.swift */; };
		3614AA591D2CE54600AB181C /* Oath.swift in Sources */ = {isa = PBXBuildFile; fileRef = 3614AA571D2CE54600AB181C /* Oath.swift */; };
		3614AA5B1D2CED1B00AB181C /* OathRepository.swift in Sources */ = {isa = PBXBuildFile; fileRef = 3614AA5A1D2CED1B00AB181C /* OathRepository.swift */; };
		3614AA611D2CF95A00AB181C /* FriendsTableViewController.swift in Sources */ = {isa = PBXBuildFile; fileRef = 3614AA601D2CF95A00AB181C /* FriendsTableViewController.swift */; };
		3614AA631D2CFB6C00AB181C /* FriendsTableViewCell.swift in Sources */ = {isa = PBXBuildFile; fileRef = 3614AA621D2CFB6C00AB181C /* FriendsTableViewCell.swift */; };
		3617466F1D5B074C0004103D /* Friend+CoreDataProperties.swift in Sources */ = {isa = PBXBuildFile; fileRef = 3617466D1D5B074C0004103D /* Friend+CoreDataProperties.swift */; };
		361746701D5B074C0004103D /* Friend.swift in Sources */ = {isa = PBXBuildFile; fileRef = 3617466E1D5B074C0004103D /* Friend.swift */; };
		361746761D5B16A00004103D /* CoreDataAccess.swift in Sources */ = {isa = PBXBuildFile; fileRef = 361746751D5B16A00004103D /* CoreDataAccess.swift */; };
		361746781D5B22B40004103D /* GenericRepository.swift in Sources */ = {isa = PBXBuildFile; fileRef = 361746771D5B22B40004103D /* GenericRepository.swift */; };
		3617467A1D5B54D20004103D /* FindFriendsViewController.swift in Sources */ = {isa = PBXBuildFile; fileRef = 361746791D5B54D20004103D /* FindFriendsViewController.swift */; };
		3617467C1D5B56190004103D /* FindFriendsTableViewCell.swift in Sources */ = {isa = PBXBuildFile; fileRef = 3617467B1D5B56190004103D /* FindFriendsTableViewCell.swift */; };
		36895EE21D0703DE000E33A5 /* AppDelegate.swift in Sources */ = {isa = PBXBuildFile; fileRef = 36895EE11D0703DE000E33A5 /* AppDelegate.swift */; };
		36895EE41D0703DE000E33A5 /* OathTableViewController.swift in Sources */ = {isa = PBXBuildFile; fileRef = 36895EE31D0703DE000E33A5 /* OathTableViewController.swift */; };
		36895EE71D0703DE000E33A5 /* Main.storyboard in Resources */ = {isa = PBXBuildFile; fileRef = 36895EE51D0703DE000E33A5 /* Main.storyboard */; };
		36895EEA1D0703DE000E33A5 /* Oaths.xcdatamodeld in Sources */ = {isa = PBXBuildFile; fileRef = 36895EE81D0703DE000E33A5 /* Oaths.xcdatamodeld */; };
		36895EEC1D0703DE000E33A5 /* Assets.xcassets in Resources */ = {isa = PBXBuildFile; fileRef = 36895EEB1D0703DE000E33A5 /* Assets.xcassets */; };
		36895EEF1D0703DE000E33A5 /* LaunchScreen.storyboard in Resources */ = {isa = PBXBuildFile; fileRef = 36895EED1D0703DE000E33A5 /* LaunchScreen.storyboard */; };
		36895EFA1D0703DE000E33A5 /* OathsTests.swift in Sources */ = {isa = PBXBuildFile; fileRef = 36895EF91D0703DE000E33A5 /* OathsTests.swift */; };
		36895F051D0703DE000E33A5 /* OathsUITests.swift in Sources */ = {isa = PBXBuildFile; fileRef = 36895F041D0703DE000E33A5 /* OathsUITests.swift */; };
		36999FAE1D619A7B00020B60 /* FriendRepository.swift in Sources */ = {isa = PBXBuildFile; fileRef = 36999FAD1D619A7B00020B60 /* FriendRepository.swift */; };
		36999FB01D619F0100020B60 /* UIViewControllerExt.swift in Sources */ = {isa = PBXBuildFile; fileRef = 36999FAF1D619F0100020B60 /* UIViewControllerExt.swift */; };
		36999FB21D61A37D00020B60 /* Person.swift in Sources */ = {isa = PBXBuildFile; fileRef = 36999FB11D61A37D00020B60 /* Person.swift */; };
		36999FB41D61AD0B00020B60 /* GenericDataSource.swift in Sources */ = {isa = PBXBuildFile; fileRef = 36999FB31D61AD0B00020B60 /* GenericDataSource.swift */; };
		36999FB61D644A5D00020B60 /* FindFriendService.swift in Sources */ = {isa = PBXBuildFile; fileRef = 36999FB51D644A5D00020B60 /* FindFriendService.swift */; };
		7524D7ECCFF19FE7BF1EF867 /* Pods.framework in Frameworks */ = {isa = PBXBuildFile; fileRef = DA1AA014F9F60E70B613448C /* Pods.framework */; };
/* End PBXBuildFile section */

/* Begin PBXContainerItemProxy section */
		36895EF61D0703DE000E33A5 /* PBXContainerItemProxy */ = {
			isa = PBXContainerItemProxy;
			containerPortal = 36895ED61D0703DD000E33A5 /* Project object */;
			proxyType = 1;
			remoteGlobalIDString = 36895EDD1D0703DE000E33A5;
			remoteInfo = Oaths;
		};
		36895F011D0703DE000E33A5 /* PBXContainerItemProxy */ = {
			isa = PBXContainerItemProxy;
			containerPortal = 36895ED61D0703DD000E33A5 /* Project object */;
			proxyType = 1;
			remoteGlobalIDString = 36895EDD1D0703DE000E33A5;
			remoteInfo = Oaths;
		};
/* End PBXContainerItemProxy section */

/* Begin PBXFileReference section */
		1C9DCA5CE3BA518D29C2D943 /* Pods.release.xcconfig */ = {isa = PBXFileReference; includeInIndex = 1; lastKnownFileType = text.xcconfig; name = Pods.release.xcconfig; path = "Pods/Target Support Files/Pods/Pods.release.xcconfig"; sourceTree = "<group>"; };
		360085D41D6D8B22003D7218 /* AuthService.swift */ = {isa = PBXFileReference; fileEncoding = 4; lastKnownFileType = sourcecode.swift; path = AuthService.swift; sourceTree = "<group>"; };
		360085D61D6D8D71003D7218 /* AlamofireExt.swift */ = {isa = PBXFileReference; fileEncoding = 4; lastKnownFileType = sourcecode.swift; path = AlamofireExt.swift; sourceTree = "<group>"; };
		360085D81D6D90C9003D7218 /* AppConstants.swift */ = {isa = PBXFileReference; fileEncoding = 4; lastKnownFileType = sourcecode.swift; path = AppConstants.swift; sourceTree = "<group>"; };
		360085DC1D6ED941003D7218 /* NSDataExt.swift */ = {isa = PBXFileReference; fileEncoding = 4; lastKnownFileType = sourcecode.swift; path = NSDataExt.swift; sourceTree = "<group>"; };
		360085DE1D7428A8003D7218 /* OathDataSource.swift */ = {isa = PBXFileReference; fileEncoding = 4; lastKnownFileType = sourcecode.swift; path = OathDataSource.swift; sourceTree = "<group>"; };
		3614AA541D2BE02600AB181C /* OathTableViewCell.swift */ = {isa = PBXFileReference; fileEncoding = 4; lastKnownFileType = sourcecode.swift; path = OathTableViewCell.swift; sourceTree = "<group>"; };
		3614AA561D2CE54500AB181C /* Oath+CoreDataProperties.swift */ = {isa = PBXFileReference; fileEncoding = 4; lastKnownFileType = sourcecode.swift; path = "Oath+CoreDataProperties.swift"; sourceTree = "<group>"; };
		3614AA571D2CE54600AB181C /* Oath.swift */ = {isa = PBXFileReference; fileEncoding = 4; lastKnownFileType = sourcecode.swift; path = Oath.swift; sourceTree = "<group>"; };
		3614AA5A1D2CED1B00AB181C /* OathRepository.swift */ = {isa = PBXFileReference; fileEncoding = 4; lastKnownFileType = sourcecode.swift; path = OathRepository.swift; sourceTree = "<group>"; };
		3614AA601D2CF95A00AB181C /* FriendsTableViewController.swift */ = {isa = PBXFileReference; fileEncoding = 4; lastKnownFileType = sourcecode.swift; path = FriendsTableViewController.swift; sourceTree = "<group>"; };
		3614AA621D2CFB6C00AB181C /* FriendsTableViewCell.swift */ = {isa = PBXFileReference; fileEncoding = 4; lastKnownFileType = sourcecode.swift; path = FriendsTableViewCell.swift; sourceTree = "<group>"; };
		3617466D1D5B074C0004103D /* Friend+CoreDataProperties.swift */ = {isa = PBXFileReference; fileEncoding = 4; lastKnownFileType = sourcecode.swift; path = "Friend+CoreDataProperties.swift"; sourceTree = "<group>"; };
		3617466E1D5B074C0004103D /* Friend.swift */ = {isa = PBXFileReference; fileEncoding = 4; lastKnownFileType = sourcecode.swift; path = Friend.swift; sourceTree = "<group>"; };
		361746751D5B16A00004103D /* CoreDataAccess.swift */ = {isa = PBXFileReference; fileEncoding = 4; lastKnownFileType = sourcecode.swift; path = CoreDataAccess.swift; sourceTree = "<group>"; };
		361746771D5B22B40004103D /* GenericRepository.swift */ = {isa = PBXFileReference; fileEncoding = 4; lastKnownFileType = sourcecode.swift; path = GenericRepository.swift; sourceTree = "<group>"; };
		361746791D5B54D20004103D /* FindFriendsViewController.swift */ = {isa = PBXFileReference; fileEncoding = 4; lastKnownFileType = sourcecode.swift; path = FindFriendsViewController.swift; sourceTree = "<group>"; };
		3617467B1D5B56190004103D /* FindFriendsTableViewCell.swift */ = {isa = PBXFileReference; fileEncoding = 4; lastKnownFileType = sourcecode.swift; path = FindFriendsTableViewCell.swift; sourceTree = "<group>"; };
		36895EDE1D0703DE000E33A5 /* Oaths.app */ = {isa = PBXFileReference; explicitFileType = wrapper.application; includeInIndex = 0; path = Oaths.app; sourceTree = BUILT_PRODUCTS_DIR; };
		36895EE11D0703DE000E33A5 /* AppDelegate.swift */ = {isa = PBXFileReference; lastKnownFileType = sourcecode.swift; path = AppDelegate.swift; sourceTree = "<group>"; };
		36895EE31D0703DE000E33A5 /* OathTableViewController.swift */ = {isa = PBXFileReference; lastKnownFileType = sourcecode.swift; path = OathTableViewController.swift; sourceTree = "<group>"; };
		36895EE61D0703DE000E33A5 /* Base */ = {isa = PBXFileReference; lastKnownFileType = file.storyboard; name = Base; path = Base.lproj/Main.storyboard; sourceTree = "<group>"; };
		36895EE91D0703DE000E33A5 /* Oaths.xcdatamodel */ = {isa = PBXFileReference; lastKnownFileType = wrapper.xcdatamodel; path = Oaths.xcdatamodel; sourceTree = "<group>"; };
		36895EEB1D0703DE000E33A5 /* Assets.xcassets */ = {isa = PBXFileReference; lastKnownFileType = folder.assetcatalog; path = Assets.xcassets; sourceTree = "<group>"; };
		36895EEE1D0703DE000E33A5 /* Base */ = {isa = PBXFileReference; lastKnownFileType = file.storyboard; name = Base; path = Base.lproj/LaunchScreen.storyboard; sourceTree = "<group>"; };
		36895EF01D0703DE000E33A5 /* Info.plist */ = {isa = PBXFileReference; lastKnownFileType = text.plist.xml; path = Info.plist; sourceTree = "<group>"; };
		36895EF51D0703DE000E33A5 /* Oaths.xctest */ = {isa = PBXFileReference; explicitFileType = wrapper.cfbundle; includeInIndex = 0; path = Oaths.xctest; sourceTree = BUILT_PRODUCTS_DIR; };
		36895EF91D0703DE000E33A5 /* OathsTests.swift */ = {isa = PBXFileReference; lastKnownFileType = sourcecode.swift; path = OathsTests.swift; sourceTree = "<group>"; };
		36895EFB1D0703DE000E33A5 /* Info.plist */ = {isa = PBXFileReference; lastKnownFileType = text.plist.xml; path = Info.plist; sourceTree = "<group>"; };
		36895F001D0703DE000E33A5 /* Oaths.xctest */ = {isa = PBXFileReference; explicitFileType = wrapper.cfbundle; includeInIndex = 0; path = Oaths.xctest; sourceTree = BUILT_PRODUCTS_DIR; };
		36895F041D0703DE000E33A5 /* OathsUITests.swift */ = {isa = PBXFileReference; lastKnownFileType = sourcecode.swift; path = OathsUITests.swift; sourceTree = "<group>"; };
		36895F061D0703DE000E33A5 /* Info.plist */ = {isa = PBXFileReference; lastKnownFileType = text.plist.xml; path = Info.plist; sourceTree = "<group>"; };
		36999FAD1D619A7B00020B60 /* FriendRepository.swift */ = {isa = PBXFileReference; fileEncoding = 4; lastKnownFileType = sourcecode.swift; path = FriendRepository.swift; sourceTree = "<group>"; };
		36999FAF1D619F0100020B60 /* UIViewControllerExt.swift */ = {isa = PBXFileReference; fileEncoding = 4; lastKnownFileType = sourcecode.swift; path = UIViewControllerExt.swift; sourceTree = "<group>"; };
		36999FB11D61A37D00020B60 /* Person.swift */ = {isa = PBXFileReference; fileEncoding = 4; lastKnownFileType = sourcecode.swift; path = Person.swift; sourceTree = "<group>"; };
		36999FB31D61AD0B00020B60 /* GenericDataSource.swift */ = {isa = PBXFileReference; fileEncoding = 4; lastKnownFileType = sourcecode.swift; path = GenericDataSource.swift; sourceTree = "<group>"; };
		36999FB51D644A5D00020B60 /* FindFriendService.swift */ = {isa = PBXFileReference; fileEncoding = 4; lastKnownFileType = sourcecode.swift; path = FindFriendService.swift; sourceTree = "<group>"; };
		36999FB91D6AE5EF00020B60 /* Oaths 3.xcdatamodel */ = {isa = PBXFileReference; lastKnownFileType = wrapper.xcdatamodel; path = "Oaths 3.xcdatamodel"; sourceTree = "<group>"; };
		DA1AA014F9F60E70B613448C /* Pods.framework */ = {isa = PBXFileReference; explicitFileType = wrapper.framework; includeInIndex = 0; path = Pods.framework; sourceTree = BUILT_PRODUCTS_DIR; };
		FB2E68E47B9E469BB3F5E73D /* Pods.debug.xcconfig */ = {isa = PBXFileReference; includeInIndex = 1; lastKnownFileType = text.xcconfig; name = Pods.debug.xcconfig; path = "Pods/Target Support Files/Pods/Pods.debug.xcconfig"; sourceTree = "<group>"; };
/* End PBXFileReference section */

/* Begin PBXFrameworksBuildPhase section */
		36895EDB1D0703DE000E33A5 /* Frameworks */ = {
			isa = PBXFrameworksBuildPhase;
			buildActionMask = 2147483647;
			files = (
				7524D7ECCFF19FE7BF1EF867 /* Pods.framework in Frameworks */,
			);
			runOnlyForDeploymentPostprocessing = 0;
		};
		36895EF21D0703DE000E33A5 /* Frameworks */ = {
			isa = PBXFrameworksBuildPhase;
			buildActionMask = 2147483647;
			files = (
			);
			runOnlyForDeploymentPostprocessing = 0;
		};
		36895EFD1D0703DE000E33A5 /* Frameworks */ = {
			isa = PBXFrameworksBuildPhase;
			buildActionMask = 2147483647;
			files = (
			);
			runOnlyForDeploymentPostprocessing = 0;
		};
/* End PBXFrameworksBuildPhase section */

/* Begin PBXGroup section */
		360085DA1D6D9AF9003D7218 /* Oath */ = {
			isa = PBXGroup;
			children = (
				3614AA561D2CE54500AB181C /* Oath+CoreDataProperties.swift */,
				3614AA571D2CE54600AB181C /* Oath.swift */,
				3614AA5A1D2CED1B00AB181C /* OathRepository.swift */,
				360085DE1D7428A8003D7218 /* OathDataSource.swift */,
			);
			name = Oath;
			sourceTree = "<group>";
		};
		360085DB1D6D9B30003D7218 /* Friend */ = {
			isa = PBXGroup;
			children = (
				36999FB51D644A5D00020B60 /* FindFriendService.swift */,
				36999FAD1D619A7B00020B60 /* FriendRepository.swift */,
				36999FB11D61A37D00020B60 /* Person.swift */,
				3617466E1D5B074C0004103D /* Friend.swift */,
				3617466D1D5B074C0004103D /* Friend+CoreDataProperties.swift */,
			);
			name = Friend;
			sourceTree = "<group>";
		};
		3614AA5C1D2CEFE200AB181C /* Domain */ = {
			isa = PBXGroup;
			children = (
				360085DB1D6D9B30003D7218 /* Friend */,
				360085DA1D6D9AF9003D7218 /* Oath */,
				360085D41D6D8B22003D7218 /* AuthService.swift */,
			);
			name = Domain;
			sourceTree = "<group>";
		};
		3614AA5D1D2CF90000AB181C /* UI */ = {
			isa = PBXGroup;
			children = (
				3614AA5F1D2CF91C00AB181C /* Oath */,
				3614AA5E1D2CF91300AB181C /* Friend */,
				36999FAF1D619F0100020B60 /* UIViewControllerExt.swift */,
			);
			name = UI;
			sourceTree = "<group>";
		};
		3614AA5E1D2CF91300AB181C /* Friend */ = {
			isa = PBXGroup;
			children = (
				3614AA601D2CF95A00AB181C /* FriendsTableViewController.swift */,
				3614AA621D2CFB6C00AB181C /* FriendsTableViewCell.swift */,
				361746791D5B54D20004103D /* FindFriendsViewController.swift */,
				3617467B1D5B56190004103D /* FindFriendsTableViewCell.swift */,
			);
			name = Friend;
			sourceTree = "<group>";
		};
		3614AA5F1D2CF91C00AB181C /* Oath */ = {
			isa = PBXGroup;
			children = (
				3614AA541D2BE02600AB181C /* OathTableViewCell.swift */,
				36895EE31D0703DE000E33A5 /* OathTableViewController.swift */,
			);
			name = Oath;
			sourceTree = "<group>";
		};
		361746741D5B16680004103D /* DataAccess */ = {
			isa = PBXGroup;
			children = (
				36999FB31D61AD0B00020B60 /* GenericDataSource.swift */,
				361746771D5B22B40004103D /* GenericRepository.swift */,
				361746751D5B16A00004103D /* CoreDataAccess.swift */,
				360085D61D6D8D71003D7218 /* AlamofireExt.swift */,
			);
			name = DataAccess;
			sourceTree = "<group>";
		};
		36895ED51D0703DD000E33A5 = {
			isa = PBXGroup;
			children = (
				36895EE01D0703DE000E33A5 /* Oaths */,
				36895EF81D0703DE000E33A5 /* OathsTests */,
				36895F031D0703DE000E33A5 /* OathsUITests */,
				36895EDF1D0703DE000E33A5 /* Products */,
				F6570503887CA3F978D8625C /* Pods */,
				93F54D566FC5CD4E4C35ADB2 /* Frameworks */,
			);
			sourceTree = "<group>";
		};
		36895EDF1D0703DE000E33A5 /* Products */ = {
			isa = PBXGroup;
			children = (
				36895EDE1D0703DE000E33A5 /* Oaths.app */,
				36895EF51D0703DE000E33A5 /* Oaths.xctest */,
				36895F001D0703DE000E33A5 /* Oaths.xctest */,
			);
			name = Products;
			sourceTree = "<group>";
		};
		36895EE01D0703DE000E33A5 /* Oaths */ = {
			isa = PBXGroup;
			children = (
				361746741D5B16680004103D /* DataAccess */,
				3614AA5D1D2CF90000AB181C /* UI */,
				3614AA5C1D2CEFE200AB181C /* Domain */,
				36895EE11D0703DE000E33A5 /* AppDelegate.swift */,
				36895EE51D0703DE000E33A5 /* Main.storyboard */,
				36895EEB1D0703DE000E33A5 /* Assets.xcassets */,
				36895EED1D0703DE000E33A5 /* LaunchScreen.storyboard */,
				36895EF01D0703DE000E33A5 /* Info.plist */,
				36895EE81D0703DE000E33A5 /* Oaths.xcdatamodeld */,
				360085D81D6D90C9003D7218 /* AppConstants.swift */,
				360085DC1D6ED941003D7218 /* NSDataExt.swift */,
			);
			path = Oaths;
			sourceTree = "<group>";
		};
		36895EF81D0703DE000E33A5 /* OathsTests */ = {
			isa = PBXGroup;
			children = (
				36895EF91D0703DE000E33A5 /* OathsTests.swift */,
				36895EFB1D0703DE000E33A5 /* Info.plist */,
			);
			name = OathsTests;
			path = OathTests;
			sourceTree = "<group>";
		};
		36895F031D0703DE000E33A5 /* OathsUITests */ = {
			isa = PBXGroup;
			children = (
				36895F041D0703DE000E33A5 /* OathsUITests.swift */,
				36895F061D0703DE000E33A5 /* Info.plist */,
			);
			path = OathsUITests;
			sourceTree = "<group>";
		};
		93F54D566FC5CD4E4C35ADB2 /* Frameworks */ = {
			isa = PBXGroup;
			children = (
				DA1AA014F9F60E70B613448C /* Pods.framework */,
			);
			name = Frameworks;
			sourceTree = "<group>";
		};
		F6570503887CA3F978D8625C /* Pods */ = {
			isa = PBXGroup;
			children = (
				FB2E68E47B9E469BB3F5E73D /* Pods.debug.xcconfig */,
				1C9DCA5CE3BA518D29C2D943 /* Pods.release.xcconfig */,
			);
			name = Pods;
			sourceTree = "<group>";
		};
/* End PBXGroup section */

/* Begin PBXNativeTarget section */
		36895EDD1D0703DE000E33A5 /* Oaths */ = {
			isa = PBXNativeTarget;
			buildConfigurationList = 36895F091D0703DE000E33A5 /* Build configuration list for PBXNativeTarget "Oaths" */;
			buildPhases = (
				A4369B0074892CE6ED99F3A9 /* Check Pods Manifest.lock */,
				36895EDA1D0703DE000E33A5 /* Sources */,
				36895EDB1D0703DE000E33A5 /* Frameworks */,
				36895EDC1D0703DE000E33A5 /* Resources */,
				5E90E9F013C533DFE734FEBD /* Embed Pods Frameworks */,
				A73FBC08FE98C52E32DC3F60 /* Copy Pods Resources */,
			);
			buildRules = (
			);
			dependencies = (
			);
			name = Oaths;
			productName = Oaths;
			productReference = 36895EDE1D0703DE000E33A5 /* Oaths.app */;
			productType = "com.apple.product-type.application";
		};
		36895EF41D0703DE000E33A5 /* OathsTests */ = {
			isa = PBXNativeTarget;
			buildConfigurationList = 36895F0C1D0703DE000E33A5 /* Build configuration list for PBXNativeTarget "OathsTests" */;
			buildPhases = (
				36895EF11D0703DE000E33A5 /* Sources */,
				36895EF21D0703DE000E33A5 /* Frameworks */,
				36895EF31D0703DE000E33A5 /* Resources */,
			);
			buildRules = (
			);
			dependencies = (
				36895EF71D0703DE000E33A5 /* PBXTargetDependency */,
			);
			name = OathsTests;
			productName = OathsTests;
			productReference = 36895EF51D0703DE000E33A5 /* Oaths.xctest */;
			productType = "com.apple.product-type.bundle.unit-test";
		};
		36895EFF1D0703DE000E33A5 /* OathsUITests */ = {
			isa = PBXNativeTarget;
			buildConfigurationList = 36895F0F1D0703DE000E33A5 /* Build configuration list for PBXNativeTarget "OathsUITests" */;
			buildPhases = (
				36895EFC1D0703DE000E33A5 /* Sources */,
				36895EFD1D0703DE000E33A5 /* Frameworks */,
				36895EFE1D0703DE000E33A5 /* Resources */,
			);
			buildRules = (
			);
			dependencies = (
				36895F021D0703DE000E33A5 /* PBXTargetDependency */,
			);
			name = OathsUITests;
			productName = OathsUITests;
			productReference = 36895F001D0703DE000E33A5 /* Oaths.xctest */;
			productType = "com.apple.product-type.bundle.ui-testing";
		};
/* End PBXNativeTarget section */

/* Begin PBXProject section */
		36895ED61D0703DD000E33A5 /* Project object */ = {
			isa = PBXProject;
			attributes = {
				LastSwiftUpdateCheck = 0730;
				LastUpgradeCheck = 0730;
				ORGANIZATIONNAME = p92;
				TargetAttributes = {
					36895EDD1D0703DE000E33A5 = {
						CreatedOnToolsVersion = 7.3.1;
						DevelopmentTeam = 2T7LK24WQG;
						SystemCapabilities = {
							com.apple.BackgroundModes = {
								enabled = 1;
							};
							com.apple.Push = {
								enabled = 1;
							};
						};
					};
					36895EF41D0703DE000E33A5 = {
						CreatedOnToolsVersion = 7.3.1;
						TestTargetID = 36895EDD1D0703DE000E33A5;
					};
					36895EFF1D0703DE000E33A5 = {
						CreatedOnToolsVersion = 7.3.1;
						TestTargetID = 36895EDD1D0703DE000E33A5;
					};
				};
			};
			buildConfigurationList = 36895ED91D0703DD000E33A5 /* Build configuration list for PBXProject "Oaths" */;
			compatibilityVersion = "Xcode 3.2";
			developmentRegion = English;
			hasScannedForEncodings = 0;
			knownRegions = (
				en,
				Base,
			);
			mainGroup = 36895ED51D0703DD000E33A5;
			productRefGroup = 36895EDF1D0703DE000E33A5 /* Products */;
			projectDirPath = "";
			projectRoot = "";
			targets = (
				36895EDD1D0703DE000E33A5 /* Oaths */,
				36895EF41D0703DE000E33A5 /* OathsTests */,
				36895EFF1D0703DE000E33A5 /* OathsUITests */,
			);
		};
/* End PBXProject section */

/* Begin PBXResourcesBuildPhase section */
		36895EDC1D0703DE000E33A5 /* Resources */ = {
			isa = PBXResourcesBuildPhase;
			buildActionMask = 2147483647;
			files = (
				36895EEF1D0703DE000E33A5 /* LaunchScreen.storyboard in Resources */,
				36895EEC1D0703DE000E33A5 /* Assets.xcassets in Resources */,
				36895EE71D0703DE000E33A5 /* Main.storyboard in Resources */,
			);
			runOnlyForDeploymentPostprocessing = 0;
		};
		36895EF31D0703DE000E33A5 /* Resources */ = {
			isa = PBXResourcesBuildPhase;
			buildActionMask = 2147483647;
			files = (
			);
			runOnlyForDeploymentPostprocessing = 0;
		};
		36895EFE1D0703DE000E33A5 /* Resources */ = {
			isa = PBXResourcesBuildPhase;
			buildActionMask = 2147483647;
			files = (
			);
			runOnlyForDeploymentPostprocessing = 0;
		};
/* End PBXResourcesBuildPhase section */

/* Begin PBXShellScriptBuildPhase section */
		5E90E9F013C533DFE734FEBD /* Embed Pods Frameworks */ = {
			isa = PBXShellScriptBuildPhase;
			buildActionMask = 2147483647;
			files = (
			);
			inputPaths = (
			);
			name = "Embed Pods Frameworks";
			outputPaths = (
			);
			runOnlyForDeploymentPostprocessing = 0;
			shellPath = /bin/sh;
			shellScript = "\"${SRCROOT}/Pods/Target Support Files/Pods/Pods-frameworks.sh\"\n";
			showEnvVarsInLog = 0;
		};
		A4369B0074892CE6ED99F3A9 /* Check Pods Manifest.lock */ = {
			isa = PBXShellScriptBuildPhase;
			buildActionMask = 2147483647;
			files = (
			);
			inputPaths = (
			);
			name = "Check Pods Manifest.lock";
			outputPaths = (
			);
			runOnlyForDeploymentPostprocessing = 0;
			shellPath = /bin/sh;
			shellScript = "diff \"${PODS_ROOT}/../Podfile.lock\" \"${PODS_ROOT}/Manifest.lock\" > /dev/null\nif [[ $? != 0 ]] ; then\n    cat << EOM\nerror: The sandbox is not in sync with the Podfile.lock. Run 'pod install' or update your CocoaPods installation.\nEOM\n    exit 1\nfi\n";
			showEnvVarsInLog = 0;
		};
		A73FBC08FE98C52E32DC3F60 /* Copy Pods Resources */ = {
			isa = PBXShellScriptBuildPhase;
			buildActionMask = 2147483647;
			files = (
			);
			inputPaths = (
			);
			name = "Copy Pods Resources";
			outputPaths = (
			);
			runOnlyForDeploymentPostprocessing = 0;
			shellPath = /bin/sh;
			shellScript = "\"${SRCROOT}/Pods/Target Support Files/Pods/Pods-resources.sh\"\n";
			showEnvVarsInLog = 0;
		};
/* End PBXShellScriptBuildPhase section */

/* Begin PBXSourcesBuildPhase section */
		36895EDA1D0703DE000E33A5 /* Sources */ = {
			isa = PBXSourcesBuildPhase;
			buildActionMask = 2147483647;
			files = (
				3614AA631D2CFB6C00AB181C /* FriendsTableViewCell.swift in Sources */,
				36895EEA1D0703DE000E33A5 /* Oaths.xcdatamodeld in Sources */,
				3614AA5B1D2CED1B00AB181C /* OathRepository.swift in Sources */,
				3614AA611D2CF95A00AB181C /* FriendsTableViewController.swift in Sources */,
				36999FB61D644A5D00020B60 /* FindFriendService.swift in Sources */,
				36999FB41D61AD0B00020B60 /* GenericDataSource.swift in Sources */,
				360085D91D6D90C9003D7218 /* AppConstants.swift in Sources */,
				3614AA581D2CE54600AB181C /* Oath+CoreDataProperties.swift in Sources */,
				3614AA551D2BE02600AB181C /* OathTableViewCell.swift in Sources */,
				360085DF1D7428A8003D7218 /* OathDataSource.swift in Sources */,
				36999FB21D61A37D00020B60 /* Person.swift in Sources */,
				361746781D5B22B40004103D /* GenericRepository.swift in Sources */,
				3614AA591D2CE54600AB181C /* Oath.swift in Sources */,
				360085D51D6D8B22003D7218 /* AuthService.swift in Sources */,
				3617466F1D5B074C0004103D /* Friend+CoreDataProperties.swift in Sources */,
				36999FAE1D619A7B00020B60 /* FriendRepository.swift in Sources */,
				36999FB01D619F0100020B60 /* UIViewControllerExt.swift in Sources */,
				3617467C1D5B56190004103D /* FindFriendsTableViewCell.swift in Sources */,
				360085D71D6D8D71003D7218 /* AlamofireExt.swift in Sources */,
				361746761D5B16A00004103D /* CoreDataAccess.swift in Sources */,
				36895EE41D0703DE000E33A5 /* OathTableViewController.swift in Sources */,
				36895EE21D0703DE000E33A5 /* AppDelegate.swift in Sources */,
				361746701D5B074C0004103D /* Friend.swift in Sources */,
				360085DD1D6ED941003D7218 /* NSDataExt.swift in Sources */,
				3617467A1D5B54D20004103D /* FindFriendsViewController.swift in Sources */,
			);
			runOnlyForDeploymentPostprocessing = 0;
		};
		36895EF11D0703DE000E33A5 /* Sources */ = {
			isa = PBXSourcesBuildPhase;
			buildActionMask = 2147483647;
			files = (
				36895EFA1D0703DE000E33A5 /* OathsTests.swift in Sources */,
			);
			runOnlyForDeploymentPostprocessing = 0;
		};
		36895EFC1D0703DE000E33A5 /* Sources */ = {
			isa = PBXSourcesBuildPhase;
			buildActionMask = 2147483647;
			files = (
				36895F051D0703DE000E33A5 /* OathsUITests.swift in Sources */,
			);
			runOnlyForDeploymentPostprocessing = 0;
		};
/* End PBXSourcesBuildPhase section */

/* Begin PBXTargetDependency section */
		36895EF71D0703DE000E33A5 /* PBXTargetDependency */ = {
			isa = PBXTargetDependency;
			target = 36895EDD1D0703DE000E33A5 /* Oaths */;
			targetProxy = 36895EF61D0703DE000E33A5 /* PBXContainerItemProxy */;
		};
		36895F021D0703DE000E33A5 /* PBXTargetDependency */ = {
			isa = PBXTargetDependency;
			target = 36895EDD1D0703DE000E33A5 /* Oaths */;
			targetProxy = 36895F011D0703DE000E33A5 /* PBXContainerItemProxy */;
		};
/* End PBXTargetDependency section */

/* Begin PBXVariantGroup section */
		36895EE51D0703DE000E33A5 /* Main.storyboard */ = {
			isa = PBXVariantGroup;
			children = (
				36895EE61D0703DE000E33A5 /* Base */,
			);
			name = Main.storyboard;
			sourceTree = "<group>";
		};
		36895EED1D0703DE000E33A5 /* LaunchScreen.storyboard */ = {
			isa = PBXVariantGroup;
			children = (
				36895EEE1D0703DE000E33A5 /* Base */,
			);
			name = LaunchScreen.storyboard;
			sourceTree = "<group>";
		};
/* End PBXVariantGroup section */

/* Begin XCBuildConfiguration section */
		36895F071D0703DE000E33A5 /* Debug */ = {
			isa = XCBuildConfiguration;
			buildSettings = {
				ALWAYS_SEARCH_USER_PATHS = NO;
				CLANG_ANALYZER_NONNULL = YES;
				CLANG_CXX_LANGUAGE_STANDARD = "gnu++0x";
				CLANG_CXX_LIBRARY = "libc++";
				CLANG_ENABLE_MODULES = YES;
				CLANG_ENABLE_OBJC_ARC = YES;
				CLANG_WARN_BOOL_CONVERSION = YES;
				CLANG_WARN_CONSTANT_CONVERSION = YES;
				CLANG_WARN_DIRECT_OBJC_ISA_USAGE = YES_ERROR;
				CLANG_WARN_EMPTY_BODY = YES;
				CLANG_WARN_ENUM_CONVERSION = YES;
				CLANG_WARN_INT_CONVERSION = YES;
				CLANG_WARN_OBJC_ROOT_CLASS = YES_ERROR;
				CLANG_WARN_UNREACHABLE_CODE = YES;
				CLANG_WARN__DUPLICATE_METHOD_MATCH = YES;
				"CODE_SIGN_IDENTITY[sdk=iphoneos*]" = "iPhone Developer";
				COPY_PHASE_STRIP = NO;
				DEBUG_INFORMATION_FORMAT = dwarf;
				ENABLE_STRICT_OBJC_MSGSEND = YES;
				ENABLE_TESTABILITY = YES;
				GCC_C_LANGUAGE_STANDARD = gnu99;
				GCC_DYNAMIC_NO_PIC = NO;
				GCC_NO_COMMON_BLOCKS = YES;
				GCC_OPTIMIZATION_LEVEL = 0;
				GCC_PREPROCESSOR_DEFINITIONS = (
					"DEBUG=1",
					"$(inherited)",
				);
				GCC_WARN_64_TO_32_BIT_CONVERSION = YES;
				GCC_WARN_ABOUT_RETURN_TYPE = YES_ERROR;
				GCC_WARN_UNDECLARED_SELECTOR = YES;
				GCC_WARN_UNINITIALIZED_AUTOS = YES_AGGRESSIVE;
				GCC_WARN_UNUSED_FUNCTION = YES;
				GCC_WARN_UNUSED_VARIABLE = YES;
				IPHONEOS_DEPLOYMENT_TARGET = 9.3;
				MTL_ENABLE_DEBUG_INFO = YES;
				ONLY_ACTIVE_ARCH = YES;
				SDKROOT = iphoneos;
				SWIFT_OPTIMIZATION_LEVEL = "-Onone";
				TARGETED_DEVICE_FAMILY = "1,2";
			};
			name = Debug;
		};
		36895F081D0703DE000E33A5 /* Release */ = {
			isa = XCBuildConfiguration;
			buildSettings = {
				ALWAYS_SEARCH_USER_PATHS = NO;
				CLANG_ANALYZER_NONNULL = YES;
				CLANG_CXX_LANGUAGE_STANDARD = "gnu++0x";
				CLANG_CXX_LIBRARY = "libc++";
				CLANG_ENABLE_MODULES = YES;
				CLANG_ENABLE_OBJC_ARC = YES;
				CLANG_WARN_BOOL_CONVERSION = YES;
				CLANG_WARN_CONSTANT_CONVERSION = YES;
				CLANG_WARN_DIRECT_OBJC_ISA_USAGE = YES_ERROR;
				CLANG_WARN_EMPTY_BODY = YES;
				CLANG_WARN_ENUM_CONVERSION = YES;
				CLANG_WARN_INT_CONVERSION = YES;
				CLANG_WARN_OBJC_ROOT_CLASS = YES_ERROR;
				CLANG_WARN_UNREACHABLE_CODE = YES;
				CLANG_WARN__DUPLICATE_METHOD_MATCH = YES;
				"CODE_SIGN_IDENTITY[sdk=iphoneos*]" = "iPhone Developer";
				COPY_PHASE_STRIP = NO;
				DEBUG_INFORMATION_FORMAT = "dwarf-with-dsym";
				ENABLE_NS_ASSERTIONS = NO;
				ENABLE_STRICT_OBJC_MSGSEND = YES;
				GCC_C_LANGUAGE_STANDARD = gnu99;
				GCC_NO_COMMON_BLOCKS = YES;
				GCC_WARN_64_TO_32_BIT_CONVERSION = YES;
				GCC_WARN_ABOUT_RETURN_TYPE = YES_ERROR;
				GCC_WARN_UNDECLARED_SELECTOR = YES;
				GCC_WARN_UNINITIALIZED_AUTOS = YES_AGGRESSIVE;
				GCC_WARN_UNUSED_FUNCTION = YES;
				GCC_WARN_UNUSED_VARIABLE = YES;
				IPHONEOS_DEPLOYMENT_TARGET = 9.3;
				MTL_ENABLE_DEBUG_INFO = NO;
				SDKROOT = iphoneos;
				TARGETED_DEVICE_FAMILY = "1,2";
				VALIDATE_PRODUCT = YES;
			};
			name = Release;
		};
		36895F0A1D0703DE000E33A5 /* Debug */ = {
			isa = XCBuildConfiguration;
			baseConfigurationReference = FB2E68E47B9E469BB3F5E73D /* Pods.debug.xcconfig */;
			buildSettings = {
				ASSETCATALOG_COMPILER_APPICON_NAME = AppIcon;
				CODE_SIGN_IDENTITY = "iPhone Developer";
				"CODE_SIGN_IDENTITY[sdk=iphoneos*]" = "iPhone Developer";
				INFOPLIST_FILE = Oaths/Info.plist;
				LD_RUNPATH_SEARCH_PATHS = "$(inherited) @executable_path/Frameworks";
				PRODUCT_BUNDLE_IDENTIFIER = com.oriaxx77.MyOaths;
				PRODUCT_NAME = Oaths;
				PROVISIONING_PROFILE = "";
			};
			name = Debug;
		};
		36895F0B1D0703DE000E33A5 /* Release */ = {
			isa = XCBuildConfiguration;
			baseConfigurationReference = 1C9DCA5CE3BA518D29C2D943 /* Pods.release.xcconfig */;
			buildSettings = {
				ASSETCATALOG_COMPILER_APPICON_NAME = AppIcon;
				CODE_SIGN_IDENTITY = "iPhone Developer";
				"CODE_SIGN_IDENTITY[sdk=iphoneos*]" = "iPhone Developer";
				INFOPLIST_FILE = Oaths/Info.plist;
				LD_RUNPATH_SEARCH_PATHS = "$(inherited) @executable_path/Frameworks";
				PRODUCT_BUNDLE_IDENTIFIER = com.oriaxx77.MyOaths;
				PRODUCT_NAME = Oaths;
				PROVISIONING_PROFILE = "";
			};
			name = Release;
		};
		36895F0D1D0703DE000E33A5 /* Debug */ = {
			isa = XCBuildConfiguration;
			buildSettings = {
				BUNDLE_LOADER = "$(TEST_HOST)";
				INFOPLIST_FILE = OathsTests/Info.plist;
				LD_RUNPATH_SEARCH_PATHS = "$(inherited) @executable_path/Frameworks @loader_path/Frameworks";
				PRODUCT_BUNDLE_IDENTIFIER = hu.p92.rwtutorial.OathsTests;
				PRODUCT_NAME = Oaths;
				TEST_HOST = "$(BUILT_PRODUCTS_DIR)/Oaths.app/Oaths";
			};
			name = Debug;
		};
		36895F0E1D0703DE000E33A5 /* Release */ = {
			isa = XCBuildConfiguration;
			buildSettings = {
				BUNDLE_LOADER = "$(TEST_HOST)";
				INFOPLIST_FILE = OathsTests/Info.plist;
				LD_RUNPATH_SEARCH_PATHS = "$(inherited) @executable_path/Frameworks @loader_path/Frameworks";
				PRODUCT_BUNDLE_IDENTIFIER = hu.p92.rwtutorial.OathsTests;
				PRODUCT_NAME = Oaths;
				TEST_HOST = "$(BUILT_PRODUCTS_DIR)/Oaths.app/Oaths";
			};
			name = Release;
		};
		36895F101D0703DE000E33A5 /* Debug */ = {
			isa = XCBuildConfiguration;
			buildSettings = {
				INFOPLIST_FILE = OathsUITests/Info.plist;
				LD_RUNPATH_SEARCH_PATHS = "$(inherited) @executable_path/Frameworks @loader_path/Frameworks";
				PRODUCT_BUNDLE_IDENTIFIER = hu.p92.rwtutorial.OathsUITests;
				PRODUCT_NAME = Oaths;
				TEST_TARGET_NAME = Oaths;
			};
			name = Debug;
		};
		36895F111D0703DE000E33A5 /* Release */ = {
			isa = XCBuildConfiguration;
			buildSettings = {
				INFOPLIST_FILE = OathsUITests/Info.plist;
				LD_RUNPATH_SEARCH_PATHS = "$(inherited) @executable_path/Frameworks @loader_path/Frameworks";
				PRODUCT_BUNDLE_IDENTIFIER = hu.p92.rwtutorial.OathsUITests;
				PRODUCT_NAME = Oaths;
				TEST_TARGET_NAME = Oaths;
			};
			name = Release;
		};
/* End XCBuildConfiguration section */

/* Begin XCConfigurationList section */
		36895ED91D0703DD000E33A5 /* Build configuration list for PBXProject "Oaths" */ = {
			isa = XCConfigurationList;
			buildConfigurations = (
				36895F071D0703DE000E33A5 /* Debug */,
				36895F081D0703DE000E33A5 /* Release */,
			);
			defaultConfigurationIsVisible = 0;
			defaultConfigurationName = Release;
		};
		36895F091D0703DE000E33A5 /* Build configuration list for PBXNativeTarget "Oaths" */ = {
			isa = XCConfigurationList;
			buildConfigurations = (
				36895F0A1D0703DE000E33A5 /* Debug */,
				36895F0B1D0703DE000E33A5 /* Release */,
			);
			defaultConfigurationIsVisible = 0;
			defaultConfigurationName = Release;
		};
		36895F0C1D0703DE000E33A5 /* Build configuration list for PBXNativeTarget "OathsTests" */ = {
			isa = XCConfigurationList;
			buildConfigurations = (
				36895F0D1D0703DE000E33A5 /* Debug */,
				36895F0E1D0703DE000E33A5 /* Release */,
			);
			defaultConfigurationIsVisible = 0;
			defaultConfigurationName = Release;
		};
		36895F0F1D0703DE000E33A5 /* Build configuration list for PBXNativeTarget "OathsUITests" */ = {
			isa = XCConfigurationList;
			buildConfigurations = (
				36895F101D0703DE000E33A5 /* Debug */,
				36895F111D0703DE000E33A5 /* Release */,
			);
			defaultConfigurationIsVisible = 0;
			defaultConfigurationName = Release;
		};
/* End XCConfigurationList section */

/* Begin XCVersionGroup section */
		36895EE81D0703DE000E33A5 /* Oaths.xcdatamodeld */ = {
			isa = XCVersionGroup;
			children = (
				36999FB91D6AE5EF00020B60 /* Oaths 3.xcdatamodel */,
				36895EE91D0703DE000E33A5 /* Oaths.xcdatamodel */,
			);
			currentVersion = 36895EE91D0703DE000E33A5 /* Oaths.xcdatamodel */;
			path = Oaths.xcdatamodeld;
			sourceTree = "<group>";
			versionGroupType = wrapper.xcdatamodel;
		};
/* End XCVersionGroup section */
	};
	rootObject = 36895ED61D0703DD000E33A5 /* Project object */;
}
